
Microsoft Visual Studio Solution File, Format Version 12.00
# Visual Studio Version 17
VisualStudioVersion = 17.7.34024.191
MinimumVisualStudioVersion = 10.0.40219.1
Project("{FAE04EC0-301F-11D3-BF4B-00C04F79EFBC}") = "EmployeeDatabase", "EmployeeDatabase.csproj", "{2AB1469E-4373-4DB8-85C1-8037998257E2}"
EndProject
Global
	GlobalSection(SolutionConfigurationPlatforms) = preSolution
		Debug|Any CPU = Debug|Any CPU
		Release|Any CPU = Release|Any CPU
	EndGlobalSection
	GlobalSection(ProjectConfigurationPlatforms) = postSolution
		{2AB1469E-4373-4DB8-85C1-8037998257E2}.Debug|Any CPU.ActiveCfg = Debug|Any CPU
		{2AB1469E-4373-4DB8-85C1-8037998257E2}.Debug|Any CPU.Build.0 = Debug|Any CPU
		{2AB1469E-4373-4DB8-85C1-8037998257E2}.Release|Any CPU.ActiveCfg = Release|Any CPU
		{2AB1469E-4373-4DB8-85C1-8037998257E2}.Release|Any CPU.Build.0 = Release|Any CPU
	EndGlobalSection
	GlobalSection(SolutionProperties) = preSolution
		HideSolutionNode = FALSE
	EndGlobalSection
	GlobalSection(ExtensibilityGlobals) = postSolution
		SolutionGuid = {594516D2-E087-4FF9-9E63-C678B8F28684}
	EndGlobalSection
EndGlobal
